
Microsoft Visual Studio Solution File, Format Version 12.00
# Visual Studio 14
VisualStudioVersion = 14.0.25420.1
MinimumVisualStudioVersion = 10.0.40219.1
Project("{FAE04EC0-301F-11D3-BF4B-00C04F79EFBC}") = "BH", "BCT_TEST\BH.csproj", "{43AC7268-E405-42E7-8B13-A9997B72CBA4}"
EndProject
Project("{FAE04EC0-301F-11D3-BF4B-00C04F79EFBC}") = "Health", "Hospital\Health.csproj", "{AE5D785C-57B1-4A08-BEA8-96B0D2DECF9D}"
EndProject
Project("{FAE04EC0-301F-11D3-BF4B-00C04F79EFBC}") = "Perimeter", "Perimeter\Perimeter.csproj", "{06D0AEAE-43EC-4F2E-B8F1-D5371F00916D}"
EndProject
Project("{FAE04EC0-301F-11D3-BF4B-00C04F79EFBC}") = "NLucene", "NLucene\NLucene.csproj", "{12489854-EF72-41CE-8260-2BC453866998}"
EndProject
Global
	GlobalSection(SolutionConfigurationPlatforms) = preSolution
		Debug|Any CPU = Debug|Any CPU
		Release|Any CPU = Release|Any CPU
	EndGlobalSection
	GlobalSection(ProjectConfigurationPlatforms) = postSolution
		{43AC7268-E405-42E7-8B13-A9997B72CBA4}.Debug|Any CPU.ActiveCfg = Debug|Any CPU
		{43AC7268-E405-42E7-8B13-A9997B72CBA4}.Debug|Any CPU.Build.0 = Debug|Any CPU
		{43AC7268-E405-42E7-8B13-A9997B72CBA4}.Release|Any CPU.ActiveCfg = Release|Any CPU
		{43AC7268-E405-42E7-8B13-A9997B72CBA4}.Release|Any CPU.Build.0 = Release|Any CPU
		{AE5D785C-57B1-4A08-BEA8-96B0D2DECF9D}.Debug|Any CPU.ActiveCfg = Debug|Any CPU
		{AE5D785C-57B1-4A08-BEA8-96B0D2DECF9D}.Debug|Any CPU.Build.0 = Debug|Any CPU
		{AE5D785C-57B1-4A08-BEA8-96B0D2DECF9D}.Release|Any CPU.ActiveCfg = Release|Any CPU
		{AE5D785C-57B1-4A08-BEA8-96B0D2DECF9D}.Release|Any CPU.Build.0 = Release|Any CPU
		{06D0AEAE-43EC-4F2E-B8F1-D5371F00916D}.Debug|Any CPU.ActiveCfg = Debug|Any CPU
		{06D0AEAE-43EC-4F2E-B8F1-D5371F00916D}.Debug|Any CPU.Build.0 = Debug|Any CPU
		{06D0AEAE-43EC-4F2E-B8F1-D5371F00916D}.Release|Any CPU.ActiveCfg = Release|Any CPU
		{06D0AEAE-43EC-4F2E-B8F1-D5371F00916D}.Release|Any CPU.Build.0 = Release|Any CPU
		{12489854-EF72-41CE-8260-2BC453866998}.Debug|Any CPU.ActiveCfg = Debug|Any CPU
		{12489854-EF72-41CE-8260-2BC453866998}.Debug|Any CPU.Build.0 = Debug|Any CPU
		{12489854-EF72-41CE-8260-2BC453866998}.Release|Any CPU.ActiveCfg = Release|Any CPU
		{12489854-EF72-41CE-8260-2BC453866998}.Release|Any CPU.Build.0 = Release|Any CPU
	EndGlobalSection
	GlobalSection(SolutionProperties) = preSolution
		HideSolutionNode = FALSE
	EndGlobalSection
EndGlobal
